{
  "originHash" : "4f3c25def69789bc909f10484fd0458ca6c2f8575d24fe2fc189c8cfb8c61f26",
  "pins" : [
    {
      "identity" : "apollo-skip-fuse",
      "kind" : "remoteSourceControl",
      "location" : "https://github.com/felix-schindler/apollo-skip-fuse",
      "state" : {
        "revision" : "cf6a7eb88aa8a816ebf5b1120e0e7bf7d899437c",
        "version" : "2.4.0"
      }
    },
    {
      "identity" : "skip",
      "kind" : "remoteSourceControl",
      "location" : "https://source.skip.tools/skip.git",
      "state" : {
        "revision" : "1fd2e5c79264ad323d739d06ee366997c616408c",
        "version" : "1.8.13"
      }
    },
    {
      "identity" : "skip-android-bridge",
      "kind" : "remoteSourceControl",
      "location" : "https://source.skip.tools/skip-android-bridge.git",
      "state" : {
        "revision" : "f1f761fa208296b7fa56ee29e725529cc55735ac",
        "version" : "0.6.1"
      }
    },
    {
      "identity" : "skip-bridge",
      "kind" : "remoteSourceControl",
      "location" : "https://source.skip.tools/skip-bridge.git",
      "state" : {
        "revision" : "92ba906e8c8871140073f73315084fcd89711dc5",
        "version" : "0.16.7"
      }
    },
    {
      "identity" : "skip-foundation",
      "kind" : "remoteSourceControl",
      "location" : "https://source.skip.tools/skip-foundation.git",
      "state" : {
        "revision" : "bca98267dd2555469c486d9b1772b652b7a708e2",
        "version" : "1.4.0"
      }
    },
    {
      "identity" : "skip-fuse",
      "kind" : "remoteSourceControl",
      "location" : "https://source.skip.tools/skip-fuse.git",
      "state" : {
        "revision" : "8f3295094ad29075730284c5197c7f1d94c0f2d9",
        "version" : "1.0.2"
      }
    },
    {
      "identity" : "skip-lib",
      "kind" : "remoteSourceControl",
      "location" : "https://source.skip.tools/skip-lib.git",
      "state" : {
        "revision" : "76e7da8a870b5b66ea0c3264f648b58b73bcdc0d",
        "version" : "1.4.0"
      }
    },
    {
      "identity" : "skip-unit",
      "kind" : "remoteSourceControl",
      "location" : "https://source.skip.tools/skip-unit.git",
      "state" : {
        "revision" : "920adff2065224ad592745a4cc028e9c2df137d4",
        "version" : "1.6.1"
      }
    },
    {
      "identity" : "swift-android-native",
      "kind" : "remoteSourceControl",
      "location" : "https://source.skip.tools/swift-android-native.git",
      "state" : {
        "revision" : "7e6e833e6f163a2b75340f75c70b1d96ea6b8135",
        "version" : "1.5.1"
      }
    },
    {
      "identity" : "swift-jni",
      "kind" : "remoteSourceControl",
      "location" : "https://source.skip.tools/swift-jni.git",
      "state" : {
        "revision" : "fe76ac21aca639976833b5ea3e875dc072519ac4",
        "version" : "0.5.0"
      }
    },
    {
      "identity" : "swift-toolchain-sqlite",
      "kind" : "remoteSourceControl",
      "location" : "https://github.com/swiftlang/swift-toolchain-sqlite.git",
      "state" : {
        "revision" : "d9b11cb79071d5ab992ff47dfd2e8d6e19418d97",
        "version" : "1.0.13"
      }
    }
  ],
  "version" : 3
}
