{
  "originHash" : "b9d3e402d0de181d3abd2fadefc8b12a82d60b549c61b29effee93d84bc1426a",
  "pins" : [
    {
      "identity" : "apollo-skip-fuse",
      "kind" : "remoteSourceControl",
      "location" : "https://github.com/felix-schindler/apollo-skip-fuse",
      "state" : {
        "revision" : "b8621da3bcfbe93928084abb6f5cfec7ef005b19",
        "version" : "2.4.2"
      }
    },
    {
      "identity" : "swift-toolchain-sqlite",
      "kind" : "remoteSourceControl",
      "location" : "https://github.com/swiftlang/swift-toolchain-sqlite.git",
      "state" : {
        "revision" : "d9b11cb79071d5ab992ff47dfd2e8d6e19418d97",
        "version" : "1.0.13"
      }
    }
  ],
  "version" : 3
}
