{
  "originHash" : "3d0b7b0680881279b38a63aa105435f39ff93bcc394631b63adeeb647233b75a",
  "pins" : [
    {
      "identity" : "apollo-skip-fuse",
      "kind" : "remoteSourceControl",
      "location" : "https://github.com/felix-schindler/apollo-skip-fuse",
      "state" : {
        "revision" : "225d89f71883f3892d1dd8197f7e5c58a28438a5",
        "version" : "2.4.1"
      }
    },
    {
      "identity" : "swift-toolchain-sqlite",
      "kind" : "remoteSourceControl",
      "location" : "https://github.com/swiftlang/swift-toolchain-sqlite.git",
      "state" : {
        "revision" : "d9b11cb79071d5ab992ff47dfd2e8d6e19418d97",
        "version" : "1.0.13"
      }
    }
  ],
  "version" : 3
}
