{
  "originHash" : "eda915986f0457c2b655e6d907435251e98920f00e5be39db6afc4843a8fcb11",
  "pins" : [
    {
      "identity" : "apollo-ios",
      "kind" : "remoteSourceControl",
      "location" : "https://github.com/apollographql/apollo-ios",
      "state" : {
        "revision" : "825e655c41ebe3ebf0e682755f6f7cddcdabe6b4",
        "version" : "2.0.5"
      }
    }
  ],
  "version" : 3
}
