{
  "pins" : [
    {
      "identity" : "swift-http",
      "kind" : "remoteSourceControl",
      "location" : "https://github.com/binarybirds/swift-http/",
      "state" : {
        "revision" : "25d8d3c1afdde0ec23c6e6b3e68e67b55fd4fe94",
        "version" : "1.1.0"
      }
    },
    {
      "identity" : "swift-markdown-ui",
      "kind" : "remoteSourceControl",
      "location" : "https://github.com/gonzalezreal/swift-markdown-ui/",
      "state" : {
        "revision" : "4392c3cefd08db10f13ffb019d7c7a4a622824f5",
        "version" : "2.0.2"
      }
    },
    {
      "identity" : "swiftui-contributionchart",
      "kind" : "remoteSourceControl",
      "location" : "https://github.com/felix-schindler/SwiftUI-ContributionChart",
      "state" : {
        "branch" : "main",
        "revision" : "1e0a68e6103b5a911c3a8d26bb978a5d39ebc7a6"
      }
    }
  ],
  "version" : 2
}
