{
  "pins" : [
    {
      "identity" : "nvmcolor_swift",
      "kind" : "remoteSourceControl",
      "location" : "https://github.com/NVMNovem/NVMColor_swift",
      "state" : {
        "revision" : "a346a6145a09c8c7811c8dc4a5161c56bff6ee87",
        "version" : "1.2.3"
      }
    },
    {
      "identity" : "swift-http",
      "kind" : "remoteSourceControl",
      "location" : "https://github.com/felix-schindler/swift-http",
      "state" : {
        "revision" : "4dd8afe9eb880af27aac35d2e91e8eb0a2b5ed52"
      }
    },
    {
      "identity" : "swift-log",
      "kind" : "remoteSourceControl",
      "location" : "https://github.com/apple/swift-log",
      "state" : {
        "revision" : "32e8d724467f8fe623624570367e3d50c5638e46",
        "version" : "1.5.2"
      }
    },
    {
      "identity" : "swift-markdown-ui",
      "kind" : "remoteSourceControl",
      "location" : "https://github.com/gonzalezreal/swift-markdown-ui/",
      "state" : {
        "revision" : "12b351a75201a8124c2f2e1f9fc6ef5cd812c0b9",
        "version" : "2.1.0"
      }
    }
  ],
  "version" : 2
}
