{
  "pins" : [
    {
      "identity" : "swift-http",
      "kind" : "remoteSourceControl",
      "location" : "https://github.com/binarybirds/swift-http/",
      "state" : {
        "revision" : "25d8d3c1afdde0ec23c6e6b3e68e67b55fd4fe94",
        "version" : "1.1.0"
      }
    },
    {
      "identity" : "swift-markdown-ui",
      "kind" : "remoteSourceControl",
      "location" : "https://github.com/gonzalezreal/swift-markdown-ui/",
      "state" : {
        "revision" : "5e15c0d75e42b9840301503e0df681027d4bea05",
        "version" : "2.0.1"
      }
    }
  ],
  "version" : 2
}
